Microsoft Visual Studio Solution File, Format Version 12.00
# Visual Studio 2012
Project("{FAE04EC0-301F-11D3-BF4B-00C04F79EFBC}") = "mass.csharp", "mass.csharp.csproj", "{F861FE83-CC93-4243-9809-113FF5D24D34}"
EndProject
Global
	GlobalSection(SolutionConfigurationPlatforms) = preSolution
		Debug|Any CPU = Debug|Any CPU
		Release|Any CPU = Release|Any CPU
	EndGlobalSection
	GlobalSection(ProjectConfigurationPlatforms) = postSolution
		{F861FE83-CC93-4243-9809-113FF5D24D34}.Debug|Any CPU.ActiveCfg = Debug|Any CPU
		{F861FE83-CC93-4243-9809-113FF5D24D34}.Debug|Any CPU.Build.0 = Debug|Any CPU
		{F861FE83-CC93-4243-9809-113FF5D24D34}.Release|Any CPU.ActiveCfg = Release|Any CPU
		{F861FE83-CC93-4243-9809-113FF5D24D34}.Release|Any CPU.Build.0 = Release|Any CPU
	EndGlobalSection
	GlobalSection(SolutionProperties) = preSolution
		HideSolutionNode = FALSE
	EndGlobalSection
EndGlobal
